<?xml version="1.0" encoding="UTF-8"?>
<Project ToolsVersion="15.0" xmlns="http://schemas.microsoft.com/developer/msbuild/2003">
  <ItemGroup>
    <CustomBuild Include="D:\work\GitHub\projects\MScore\tools\CMakeFiles\674cb2b787b835422829ff5acb0071e0\generate.stamp.rule">
      <Filter>CMake Rules</Filter>
    </CustomBuild>
  </ItemGroup>
  <ItemGroup>
    <Filter Include="CMake Rules">
      <UniqueIdentifier>{0756894B-3E14-3D40-84A5-50FD6E5B7405}</UniqueIdentifier>
    </Filter>
  </ItemGroup>
</Project>
