
Microsoft Visual Studio Solution File, Format Version 12.00
# Visual Studio 15
VisualStudioVersion = 15.0.27428.2005
MinimumVisualStudioVersion = 10.0.40219.1
Project("{FAE04EC0-301F-11D3-BF4B-00C04F79EFBC}") = "MScore", "MScore\MScore.csproj", "{BD0B1A14-705E-4D13-837A-0E619B3CDD52}"
EndProject
Global
	GlobalSection(SolutionConfigurationPlatforms) = preSolution
		Debug|Any CPU = Debug|Any CPU
		Release|Any CPU = Release|Any CPU
	EndGlobalSection
	GlobalSection(ProjectConfigurationPlatforms) = postSolution
		{BD0B1A14-705E-4D13-837A-0E619B3CDD52}.Debug|Any CPU.ActiveCfg = Debug|Any CPU
		{BD0B1A14-705E-4D13-837A-0E619B3CDD52}.Debug|Any CPU.Build.0 = Debug|Any CPU
		{BD0B1A14-705E-4D13-837A-0E619B3CDD52}.Release|Any CPU.ActiveCfg = Release|Any CPU
		{BD0B1A14-705E-4D13-837A-0E619B3CDD52}.Release|Any CPU.Build.0 = Release|Any CPU
	EndGlobalSection
	GlobalSection(SolutionProperties) = preSolution
		HideSolutionNode = FALSE
	EndGlobalSection
	GlobalSection(ExtensibilityGlobals) = postSolution
		SolutionGuid = {72FBDAD3-E7C6-4C1D-9CFF-B3CBA2A9779F}
	EndGlobalSection
EndGlobal
